
Microsoft Visual Studio Solution File, Format Version 12.00
# Visual Studio Version 17
VisualStudioVersion = 17.12.35707.178
MinimumVisualStudioVersion = 10.0.40219.1
Project("{FAE04EC0-301F-11D3-BF4B-00C04F79EFBC}") = "API_1", "API_1\API_1.csproj", "{A20B7BCE-F869-493C-B6F1-995F500CDBAF}"
	ProjectSection(ProjectDependencies) = postProject
		{60595948-0E83-45CF-B7E5-F65C05791845} = {60595948-0E83-45CF-B7E5-F65C05791845}
		{90048426-3801-4641-A03F-B5D5076BDB49} = {90048426-3801-4641-A03F-B5D5076BDB49}
		{D27E50E2-3D82-490B-8170-014ED0A5416E} = {D27E50E2-3D82-490B-8170-014ED0A5416E}
	EndProjectSection
EndProject
Project("{FAE04EC0-301F-11D3-BF4B-00C04F79EFBC}") = "Domain.Users", "Domain.Users\Domain.Users.csproj", "{8D65744C-052B-425B-A947-EA742A81CE3D}"
EndProject
Project("{FAE04EC0-301F-11D3-BF4B-00C04F79EFBC}") = "Infra", "Infra\Infra.csproj", "{90048426-3801-4641-A03F-B5D5076BDB49}"
EndProject
Project("{FAE04EC0-301F-11D3-BF4B-00C04F79EFBC}") = "Interfaces", "Interfaces\Interfaces.csproj", "{D27E50E2-3D82-490B-8170-014ED0A5416E}"
EndProject
Project("{FAE04EC0-301F-11D3-BF4B-00C04F79EFBC}") = "Controllers", "Controllers\Controllers.csproj", "{A4375857-1837-4A8E-AE14-ADB3C64C7605}"
	ProjectSection(ProjectDependencies) = postProject
		{8D65744C-052B-425B-A947-EA742A81CE3D} = {8D65744C-052B-425B-A947-EA742A81CE3D}
		{90048426-3801-4641-A03F-B5D5076BDB49} = {90048426-3801-4641-A03F-B5D5076BDB49}
		{D27E50E2-3D82-490B-8170-014ED0A5416E} = {D27E50E2-3D82-490B-8170-014ED0A5416E}
	EndProjectSection
EndProject
Project("{FAE04EC0-301F-11D3-BF4B-00C04F79EFBC}") = "Repository", "Repository\Repository.csproj", "{60595948-0E83-45CF-B7E5-F65C05791845}"
	ProjectSection(ProjectDependencies) = postProject
		{90048426-3801-4641-A03F-B5D5076BDB49} = {90048426-3801-4641-A03F-B5D5076BDB49}
		{D27E50E2-3D82-490B-8170-014ED0A5416E} = {D27E50E2-3D82-490B-8170-014ED0A5416E}
	EndProjectSection
EndProject
Project("{FAE04EC0-301F-11D3-BF4B-00C04F79EFBC}") = "JWT", "JWT\JWT.csproj", "{1B522AB7-4D42-4133-A4FF-E5E069079787}"
EndProject
Global
	GlobalSection(SolutionConfigurationPlatforms) = preSolution
		Debug|Any CPU = Debug|Any CPU
		Release|Any CPU = Release|Any CPU
	EndGlobalSection
	GlobalSection(ProjectConfigurationPlatforms) = postSolution
		{A20B7BCE-F869-493C-B6F1-995F500CDBAF}.Debug|Any CPU.ActiveCfg = Debug|Any CPU
		{A20B7BCE-F869-493C-B6F1-995F500CDBAF}.Debug|Any CPU.Build.0 = Debug|Any CPU
		{A20B7BCE-F869-493C-B6F1-995F500CDBAF}.Release|Any CPU.ActiveCfg = Release|Any CPU
		{A20B7BCE-F869-493C-B6F1-995F500CDBAF}.Release|Any CPU.Build.0 = Release|Any CPU
		{8D65744C-052B-425B-A947-EA742A81CE3D}.Debug|Any CPU.ActiveCfg = Debug|Any CPU
		{8D65744C-052B-425B-A947-EA742A81CE3D}.Debug|Any CPU.Build.0 = Debug|Any CPU
		{8D65744C-052B-425B-A947-EA742A81CE3D}.Release|Any CPU.ActiveCfg = Release|Any CPU
		{8D65744C-052B-425B-A947-EA742A81CE3D}.Release|Any CPU.Build.0 = Release|Any CPU
		{90048426-3801-4641-A03F-B5D5076BDB49}.Debug|Any CPU.ActiveCfg = Debug|Any CPU
		{90048426-3801-4641-A03F-B5D5076BDB49}.Debug|Any CPU.Build.0 = Debug|Any CPU
		{90048426-3801-4641-A03F-B5D5076BDB49}.Release|Any CPU.ActiveCfg = Release|Any CPU
		{90048426-3801-4641-A03F-B5D5076BDB49}.Release|Any CPU.Build.0 = Release|Any CPU
		{D27E50E2-3D82-490B-8170-014ED0A5416E}.Debug|Any CPU.ActiveCfg = Debug|Any CPU
		{D27E50E2-3D82-490B-8170-014ED0A5416E}.Debug|Any CPU.Build.0 = Debug|Any CPU
		{D27E50E2-3D82-490B-8170-014ED0A5416E}.Release|Any CPU.ActiveCfg = Release|Any CPU
		{D27E50E2-3D82-490B-8170-014ED0A5416E}.Release|Any CPU.Build.0 = Release|Any CPU
		{A4375857-1837-4A8E-AE14-ADB3C64C7605}.Debug|Any CPU.ActiveCfg = Debug|Any CPU
		{A4375857-1837-4A8E-AE14-ADB3C64C7605}.Debug|Any CPU.Build.0 = Debug|Any CPU
		{A4375857-1837-4A8E-AE14-ADB3C64C7605}.Release|Any CPU.ActiveCfg = Release|Any CPU
		{A4375857-1837-4A8E-AE14-ADB3C64C7605}.Release|Any CPU.Build.0 = Release|Any CPU
		{60595948-0E83-45CF-B7E5-F65C05791845}.Debug|Any CPU.ActiveCfg = Debug|Any CPU
		{60595948-0E83-45CF-B7E5-F65C05791845}.Debug|Any CPU.Build.0 = Debug|Any CPU
		{60595948-0E83-45CF-B7E5-F65C05791845}.Release|Any CPU.ActiveCfg = Release|Any CPU
		{60595948-0E83-45CF-B7E5-F65C05791845}.Release|Any CPU.Build.0 = Release|Any CPU
		{1B522AB7-4D42-4133-A4FF-E5E069079787}.Debug|Any CPU.ActiveCfg = Debug|Any CPU
		{1B522AB7-4D42-4133-A4FF-E5E069079787}.Debug|Any CPU.Build.0 = Debug|Any CPU
		{1B522AB7-4D42-4133-A4FF-E5E069079787}.Release|Any CPU.ActiveCfg = Release|Any CPU
		{1B522AB7-4D42-4133-A4FF-E5E069079787}.Release|Any CPU.Build.0 = Release|Any CPU
	EndGlobalSection
	GlobalSection(SolutionProperties) = preSolution
		HideSolutionNode = FALSE
	EndGlobalSection
EndGlobal
